// !$*UTF8*$!
{
	archiveVersion = 1;
	classes = {
	};
	objectVersion = 46;
	objects = {

/* Begin PBXBuildFile section */
		000E02781D50486800AD71BC /* UserTests.m in Sources */ = {isa = PBXBuildFile; fileRef = 000E02771D50486800AD71BC /* UserTests.m */; };
		000E027A1D504CD300AD71BC /* MediaTests.m in Sources */ = {isa = PBXBuildFile; fileRef = 000E02791D504CD300AD71BC /* MediaTests.m */; };
		000E027C1D505A5C00AD71BC /* CommentViewTest.m in Sources */ = {isa = PBXBuildFile; fileRef = 000E027B1D505A5C00AD71BC /* CommentViewTest.m */; };
		000E027E1D5061C900AD71BC /* MediaTableViewCellTests.m in Sources */ = {isa = PBXBuildFile; fileRef = 000E027D1D5061C900AD71BC /* MediaTableViewCellTests.m */; };
		00CCBB561D404C59001A803F /* MediaFullScreenViewController.m in Sources */ = {isa = PBXBuildFile; fileRef = 00CCBB551D404C59001A803F /* MediaFullScreenViewController.m */; };
		00CCBB6B1D431EBF001A803F /* CircleSpinnerView.m in Sources */ = {isa = PBXBuildFile; fileRef = 00CCBB6A1D431EBF001A803F /* CircleSpinnerView.m */; };
		00CCBB6E1D432E2A001A803F /* LikeButton.m in Sources */ = {isa = PBXBuildFile; fileRef = 00CCBB6D1D432E2A001A803F /* LikeButton.m */; };
		00CCBB711D470B6D001A803F /* ComposeCommentView.m in Sources */ = {isa = PBXBuildFile; fileRef = 00CCBB701D470B6D001A803F /* ComposeCommentView.m */; };
		00CCBB741D49D71B001A803F /* CameraToolbar.m in Sources */ = {isa = PBXBuildFile; fileRef = 00CCBB731D49D71B001A803F /* CameraToolbar.m */; };
		00CCBB771D4B1DAE001A803F /* CameraViewController.m in Sources */ = {isa = PBXBuildFile; fileRef = 00CCBB761D4B1DAE001A803F /* CameraViewController.m */; };
		00CCBB7A1D4B349A001A803F /* UIImage+ImageUtilities.m in Sources */ = {isa = PBXBuildFile; fileRef = 00CCBB791D4B349A001A803F /* UIImage+ImageUtilities.m */; };
		00CCBB7E1D4B4D7E001A803F /* ImagesTableViewController.m in Sources */ = {isa = PBXBuildFile; fileRef = 00CCBB7D1D4B4D7E001A803F /* ImagesTableViewController.m */; };
		00CCBB811D4D6849001A803F /* CropBox.m in Sources */ = {isa = PBXBuildFile; fileRef = 00CCBB801D4D6849001A803F /* CropBox.m */; };
		00CCBB841D4DC663001A803F /* CropImageViewController.m in Sources */ = {isa = PBXBuildFile; fileRef = 00CCBB831D4DC663001A803F /* CropImageViewController.m */; };
		00CCBB871D4DD31F001A803F /* ImageLibraryViewController.m in Sources */ = {isa = PBXBuildFile; fileRef = 00CCBB861D4DD31F001A803F /* ImageLibraryViewController.m */; };
		00DC711B1D23937F005E439E /* main.m in Sources */ = {isa = PBXBuildFile; fileRef = 00DC711A1D23937F005E439E /* main.m */; };
		00DC711E1D23937F005E439E /* AppDelegate.m in Sources */ = {isa = PBXBuildFile; fileRef = 00DC711D1D23937F005E439E /* AppDelegate.m */; };
		00DC71261D23937F005E439E /* Assets.xcassets in Resources */ = {isa = PBXBuildFile; fileRef = 00DC71251D23937F005E439E /* Assets.xcassets */; };
		00DC71291D23937F005E439E /* LaunchScreen.storyboard in Resources */ = {isa = PBXBuildFile; fileRef = 00DC71271D23937F005E439E /* LaunchScreen.storyboard */; };
		00DC71341D23937F005E439E /* BlocstagramTests.m in Sources */ = {isa = PBXBuildFile; fileRef = 00DC71331D23937F005E439E /* BlocstagramTests.m */; };
		00DC713F1D23937F005E439E /* BlocstagramUITests.m in Sources */ = {isa = PBXBuildFile; fileRef = 00DC713E1D23937F005E439E /* BlocstagramUITests.m */; };
		00DC716E1D277A4A005E439E /* 1.jpg in Resources */ = {isa = PBXBuildFile; fileRef = 00DC71641D277A4A005E439E /* 1.jpg */; };
		00DC716F1D277A4A005E439E /* 2.jpg in Resources */ = {isa = PBXBuildFile; fileRef = 00DC71651D277A4A005E439E /* 2.jpg */; };
		00DC71701D277A4A005E439E /* 3.jpg in Resources */ = {isa = PBXBuildFile; fileRef = 00DC71661D277A4A005E439E /* 3.jpg */; };
		00DC71711D277A4A005E439E /* 4.jpg in Resources */ = {isa = PBXBuildFile; fileRef = 00DC71671D277A4A005E439E /* 4.jpg */; };
		00DC71721D277A4A005E439E /* 5.jpg in Resources */ = {isa = PBXBuildFile; fileRef = 00DC71681D277A4A005E439E /* 5.jpg */; };
		00DC71731D277A4A005E439E /* 6.JPG in Resources */ = {isa = PBXBuildFile; fileRef = 00DC71691D277A4A005E439E /* 6.JPG */; };
		00DC71741D277A4A005E439E /* 7.JPG in Resources */ = {isa = PBXBuildFile; fileRef = 00DC716A1D277A4A005E439E /* 7.JPG */; };
		00DC71751D277A4A005E439E /* 8.JPG in Resources */ = {isa = PBXBuildFile; fileRef = 00DC716B1D277A4A005E439E /* 8.JPG */; };
		00DC71761D277A4A005E439E /* 9.JPG in Resources */ = {isa = PBXBuildFile; fileRef = 00DC716C1D277A4A005E439E /* 9.JPG */; };
		00DC71771D277A4A005E439E /* 10.JPG in Resources */ = {isa = PBXBuildFile; fileRef = 00DC716D1D277A4A005E439E /* 10.JPG */; };
		00DC717A1D27A9F3005E439E /* User.m in Sources */ = {isa = PBXBuildFile; fileRef = 00DC71791D27A9F3005E439E /* User.m */; };
		00DC717D1D27AB28005E439E /* Media.m in Sources */ = {isa = PBXBuildFile; fileRef = 00DC717C1D27AB28005E439E /* Media.m */; };
		00DC71801D27AF38005E439E /* Comment.m in Sources */ = {isa = PBXBuildFile; fileRef = 00DC717F1D27AF38005E439E /* Comment.m */; };
		00DC71831D27B043005E439E /* DataSource.m in Sources */ = {isa = PBXBuildFile; fileRef = 00DC71821D27B043005E439E /* DataSource.m */; };
		00DC71861D27C898005E439E /* MediaTableViewCell.m in Sources */ = {isa = PBXBuildFile; fileRef = 00DC71851D27C898005E439E /* MediaTableViewCell.m */; };
		00ECFC841D2B0B9900CFBEA6 /* LoginViewController.m in Sources */ = {isa = PBXBuildFile; fileRef = 00ECFC831D2B0B9900CFBEA6 /* LoginViewController.m */; };
		00F3A0F31D4E8C8B001D0C36 /* PostToInstagramViewController.m in Sources */ = {isa = PBXBuildFile; fileRef = 00F3A0F21D4E8C8B001D0C36 /* PostToInstagramViewController.m */; };
		9EDAE68C26FCD65FA3D19D80 /* libPods-Blocstagram.a in Frameworks */ = {isa = PBXBuildFile; fileRef = 3458839597589BFD20406674 /* libPods-Blocstagram.a */; };
/* End PBXBuildFile section */

/* Begin PBXContainerItemProxy section */
		00DC71301D23937F005E439E /* PBXContainerItemProxy */ = {
			isa = PBXContainerItemProxy;
			containerPortal = 00DC710E1D23937F005E439E /* Project object */;
			proxyType = 1;
			remoteGlobalIDString = 00DC71151D23937F005E439E;
			remoteInfo = Blocstagram;
		};
		00DC713B1D23937F005E439E /* PBXContainerItemProxy */ = {
			isa = PBXContainerItemProxy;
			containerPortal = 00DC710E1D23937F005E439E /* Project object */;
			proxyType = 1;
			remoteGlobalIDString = 00DC71151D23937F005E439E;
			remoteInfo = Blocstagram;
		};
/* End PBXContainerItemProxy section */

/* Begin PBXFileReference section */
		000E02771D50486800AD71BC /* UserTests.m */ = {isa = PBXFileReference; fileEncoding = 4; lastKnownFileType = sourcecode.c.objc; path = UserTests.m; sourceTree = "<group>"; };
		000E02791D504CD300AD71BC /* MediaTests.m */ = {isa = PBXFileReference; fileEncoding = 4; lastKnownFileType = sourcecode.c.objc; path = MediaTests.m; sourceTree = "<group>"; };
		000E027B1D505A5C00AD71BC /* CommentViewTest.m */ = {isa = PBXFileReference; fileEncoding = 4; lastKnownFileType = sourcecode.c.objc; path = CommentViewTest.m; sourceTree = "<group>"; };
		000E027D1D5061C900AD71BC /* MediaTableViewCellTests.m */ = {isa = PBXFileReference; fileEncoding = 4; lastKnownFileType = sourcecode.c.objc; path = MediaTableViewCellTests.m; sourceTree = "<group>"; };
		00CCBB541D404C59001A803F /* MediaFullScreenViewController.h */ = {isa = PBXFileReference; fileEncoding = 4; lastKnownFileType = sourcecode.c.h; name = MediaFullScreenViewController.h; path = ../MediaFullScreenViewController.h; sourceTree = "<group>"; };
		00CCBB551D404C59001A803F /* MediaFullScreenViewController.m */ = {isa = PBXFileReference; fileEncoding = 4; lastKnownFileType = sourcecode.c.objc; name = MediaFullScreenViewController.m; path = ../MediaFullScreenViewController.m; sourceTree = "<group>"; };
		00CCBB691D431EBF001A803F /* CircleSpinnerView.h */ = {isa = PBXFileReference; fileEncoding = 4; lastKnownFileType = sourcecode.c.h; name = CircleSpinnerView.h; path = ../CircleSpinnerView.h; sourceTree = "<group>"; };
		00CCBB6A1D431EBF001A803F /* CircleSpinnerView.m */ = {isa = PBXFileReference; fileEncoding = 4; lastKnownFileType = sourcecode.c.objc; name = CircleSpinnerView.m; path = ../CircleSpinnerView.m; sourceTree = "<group>"; };
		00CCBB6C1D432E2A001A803F /* LikeButton.h */ = {isa = PBXFileReference; fileEncoding = 4; lastKnownFileType = sourcecode.c.h; name = LikeButton.h; path = ../LikeButton.h; sourceTree = "<group>"; };
		00CCBB6D1D432E2A001A803F /* LikeButton.m */ = {isa = PBXFileReference; fileEncoding = 4; lastKnownFileType = sourcecode.c.objc; name = LikeButton.m; path = ../LikeButton.m; sourceTree = "<group>"; };
		00CCBB6F1D470B6D001A803F /* ComposeCommentView.h */ = {isa = PBXFileReference; fileEncoding = 4; lastKnownFileType = sourcecode.c.h; name = ComposeCommentView.h; path = ../ComposeCommentView.h; sourceTree = "<group>"; };
		00CCBB701D470B6D001A803F /* ComposeCommentView.m */ = {isa = PBXFileReference; fileEncoding = 4; lastKnownFileType = sourcecode.c.objc; name = ComposeCommentView.m; path = ../ComposeCommentView.m; sourceTree = "<group>"; };
		00CCBB721D49D71B001A803F /* CameraToolbar.h */ = {isa = PBXFileReference; fileEncoding = 4; lastKnownFileType = sourcecode.c.h; name = CameraToolbar.h; path = ../CameraToolbar.h; sourceTree = "<group>"; };
		00CCBB731D49D71B001A803F /* CameraToolbar.m */ = {isa = PBXFileReference; fileEncoding = 4; lastKnownFileType = sourcecode.c.objc; name = CameraToolbar.m; path = ../CameraToolbar.m; sourceTree = "<group>"; };
		00CCBB751D4B1DAE001A803F /* CameraViewController.h */ = {isa = PBXFileReference; fileEncoding = 4; lastKnownFileType = sourcecode.c.h; name = CameraViewController.h; path = ../CameraViewController.h; sourceTree = "<group>"; };
		00CCBB761D4B1DAE001A803F /* CameraViewController.m */ = {isa = PBXFileReference; fileEncoding = 4; lastKnownFileType = sourcecode.c.objc; name = CameraViewController.m; path = ../CameraViewController.m; sourceTree = "<group>"; };
		00CCBB781D4B349A001A803F /* UIImage+ImageUtilities.h */ = {isa = PBXFileReference; fileEncoding = 4; lastKnownFileType = sourcecode.c.h; path = "UIImage+ImageUtilities.h"; sourceTree = "<group>"; };
		00CCBB791D4B349A001A803F /* UIImage+ImageUtilities.m */ = {isa = PBXFileReference; fileEncoding = 4; lastKnownFileType = sourcecode.c.objc; path = "UIImage+ImageUtilities.m"; sourceTree = "<group>"; };
		00CCBB7D1D4B4D7E001A803F /* ImagesTableViewController.m */ = {isa = PBXFileReference; fileEncoding = 4; lastKnownFileType = sourcecode.c.objc; name = ImagesTableViewController.m; path = ../ImagesTableViewController.m; sourceTree = "<group>"; };
		00CCBB7F1D4D6849001A803F /* CropBox.h */ = {isa = PBXFileReference; fileEncoding = 4; lastKnownFileType = sourcecode.c.h; name = CropBox.h; path = ../CropBox.h; sourceTree = "<group>"; };
		00CCBB801D4D6849001A803F /* CropBox.m */ = {isa = PBXFileReference; fileEncoding = 4; lastKnownFileType = sourcecode.c.objc; name = CropBox.m; path = ../CropBox.m; sourceTree = "<group>"; };
		00CCBB821D4DC663001A803F /* CropImageViewController.h */ = {isa = PBXFileReference; fileEncoding = 4; lastKnownFileType = sourcecode.c.h; name = CropImageViewController.h; path = ../CropImageViewController.h; sourceTree = "<group>"; };
		00CCBB831D4DC663001A803F /* CropImageViewController.m */ = {isa = PBXFileReference; fileEncoding = 4; lastKnownFileType = sourcecode.c.objc; name = CropImageViewController.m; path = ../CropImageViewController.m; sourceTree = "<group>"; };
		00CCBB851D4DD31F001A803F /* ImageLibraryViewController.h */ = {isa = PBXFileReference; fileEncoding = 4; lastKnownFileType = sourcecode.c.h; name = ImageLibraryViewController.h; path = ../ImageLibraryViewController.h; sourceTree = "<group>"; };
		00CCBB861D4DD31F001A803F /* ImageLibraryViewController.m */ = {isa = PBXFileReference; fileEncoding = 4; lastKnownFileType = sourcecode.c.objc; name = ImageLibraryViewController.m; path = ../ImageLibraryViewController.m; sourceTree = "<group>"; };
		00DC71161D23937F005E439E /* Blocstagram.app */ = {isa = PBXFileReference; explicitFileType = wrapper.application; includeInIndex = 0; path = Blocstagram.app; sourceTree = BUILT_PRODUCTS_DIR; };
		00DC711A1D23937F005E439E /* main.m */ = {isa = PBXFileReference; lastKnownFileType = sourcecode.c.objc; path = main.m; sourceTree = "<group>"; };
		00DC711C1D23937F005E439E /* AppDelegate.h */ = {isa = PBXFileReference; lastKnownFileType = sourcecode.c.h; path = AppDelegate.h; sourceTree = "<group>"; };
		00DC711D1D23937F005E439E /* AppDelegate.m */ = {isa = PBXFileReference; lastKnownFileType = sourcecode.c.objc; path = AppDelegate.m; sourceTree = "<group>"; };
		00DC71251D23937F005E439E /* Assets.xcassets */ = {isa = PBXFileReference; lastKnownFileType = folder.assetcatalog; path = Assets.xcassets; sourceTree = "<group>"; };
		00DC71281D23937F005E439E /* Base */ = {isa = PBXFileReference; lastKnownFileType = file.storyboard; name = Base; path = Base.lproj/LaunchScreen.storyboard; sourceTree = "<group>"; };
		00DC712A1D23937F005E439E /* Info.plist */ = {isa = PBXFileReference; lastKnownFileType = text.plist.xml; path = Info.plist; sourceTree = "<group>"; };
		00DC712F1D23937F005E439E /* BlocstagramTests.xctest */ = {isa = PBXFileReference; explicitFileType = wrapper.cfbundle; includeInIndex = 0; path = BlocstagramTests.xctest; sourceTree = BUILT_PRODUCTS_DIR; };
		00DC71331D23937F005E439E /* BlocstagramTests.m */ = {isa = PBXFileReference; lastKnownFileType = sourcecode.c.objc; path = BlocstagramTests.m; sourceTree = "<group>"; };
		00DC71351D23937F005E439E /* Info.plist */ = {isa = PBXFileReference; lastKnownFileType = text.plist.xml; path = Info.plist; sourceTree = "<group>"; };
		00DC713A1D23937F005E439E /* BlocstagramUITests.xctest */ = {isa = PBXFileReference; explicitFileType = wrapper.cfbundle; includeInIndex = 0; path = BlocstagramUITests.xctest; sourceTree = BUILT_PRODUCTS_DIR; };
		00DC713E1D23937F005E439E /* BlocstagramUITests.m */ = {isa = PBXFileReference; lastKnownFileType = sourcecode.c.objc; path = BlocstagramUITests.m; sourceTree = "<group>"; };
		00DC71401D23937F005E439E /* Info.plist */ = {isa = PBXFileReference; lastKnownFileType = text.plist.xml; path = Info.plist; sourceTree = "<group>"; };
		00DC71611D239C31005E439E /* ImagesTableViewController.h */ = {isa = PBXFileReference; fileEncoding = 4; lastKnownFileType = sourcecode.c.h; path = ImagesTableViewController.h; sourceTree = "<group>"; };
		00DC71641D277A4A005E439E /* 1.jpg */ = {isa = PBXFileReference; lastKnownFileType = image.jpeg; path = 1.jpg; sourceTree = "<group>"; };
		00DC71651D277A4A005E439E /* 2.jpg */ = {isa = PBXFileReference; lastKnownFileType = image.jpeg; path = 2.jpg; sourceTree = "<group>"; };
		00DC71661D277A4A005E439E /* 3.jpg */ = {isa = PBXFileReference; lastKnownFileType = image.jpeg; path = 3.jpg; sourceTree = "<group>"; };
		00DC71671D277A4A005E439E /* 4.jpg */ = {isa = PBXFileReference; lastKnownFileType = image.jpeg; path = 4.jpg; sourceTree = "<group>"; };
		00DC71681D277A4A005E439E /* 5.jpg */ = {isa = PBXFileReference; lastKnownFileType = image.jpeg; path = 5.jpg; sourceTree = "<group>"; };
		00DC71691D277A4A005E439E /* 6.JPG */ = {isa = PBXFileReference; lastKnownFileType = image.jpeg; path = 6.JPG; sourceTree = "<group>"; };
		00DC716A1D277A4A005E439E /* 7.JPG */ = {isa = PBXFileReference; lastKnownFileType = image.jpeg; path = 7.JPG; sourceTree = "<group>"; };
		00DC716B1D277A4A005E439E /* 8.JPG */ = {isa = PBXFileReference; lastKnownFileType = image.jpeg; path = 8.JPG; sourceTree = "<group>"; };
		00DC716C1D277A4A005E439E /* 9.JPG */ = {isa = PBXFileReference; lastKnownFileType = image.jpeg; path = 9.JPG; sourceTree = "<group>"; };
		00DC716D1D277A4A005E439E /* 10.JPG */ = {isa = PBXFileReference; lastKnownFileType = image.jpeg; path = 10.JPG; sourceTree = "<group>"; };
		00DC71781D27A9F3005E439E /* User.h */ = {isa = PBXFileReference; fileEncoding = 4; lastKnownFileType = sourcecode.c.h; path = User.h; sourceTree = "<group>"; };
		00DC71791D27A9F3005E439E /* User.m */ = {isa = PBXFileReference; fileEncoding = 4; lastKnownFileType = sourcecode.c.objc; path = User.m; sourceTree = "<group>"; };
		00DC717B1D27AB28005E439E /* Media.h */ = {isa = PBXFileReference; fileEncoding = 4; lastKnownFileType = sourcecode.c.h; path = Media.h; sourceTree = "<group>"; };
		00DC717C1D27AB28005E439E /* Media.m */ = {isa = PBXFileReference; fileEncoding = 4; lastKnownFileType = sourcecode.c.objc; path = Media.m; sourceTree = "<group>"; };
		00DC717E1D27AF38005E439E /* Comment.h */ = {isa = PBXFileReference; fileEncoding = 4; lastKnownFileType = sourcecode.c.h; path = Comment.h; sourceTree = "<group>"; };
		00DC717F1D27AF38005E439E /* Comment.m */ = {isa = PBXFileReference; fileEncoding = 4; lastKnownFileType = sourcecode.c.objc; path = Comment.m; sourceTree = "<group>"; };
		00DC71811D27B043005E439E /* DataSource.h */ = {isa = PBXFileReference; fileEncoding = 4; lastKnownFileType = sourcecode.c.h; path = DataSource.h; sourceTree = "<group>"; };
		00DC71821D27B043005E439E /* DataSource.m */ = {isa = PBXFileReference; fileEncoding = 4; lastKnownFileType = sourcecode.c.objc; path = DataSource.m; sourceTree = "<group>"; };
		00DC71841D27C898005E439E /* MediaTableViewCell.h */ = {isa = PBXFileReference; fileEncoding = 4; lastKnownFileType = sourcecode.c.h; path = MediaTableViewCell.h; sourceTree = "<group>"; };
		00DC71851D27C898005E439E /* MediaTableViewCell.m */ = {isa = PBXFileReference; fileEncoding = 4; lastKnownFileType = sourcecode.c.objc; path = MediaTableViewCell.m; sourceTree = "<group>"; };
		00ECFC821D2B0B9900CFBEA6 /* LoginViewController.h */ = {isa = PBXFileReference; fileEncoding = 4; lastKnownFileType = sourcecode.c.h; name = LoginViewController.h; path = ../LoginViewController.h; sourceTree = "<group>"; };
		00ECFC831D2B0B9900CFBEA6 /* LoginViewController.m */ = {isa = PBXFileReference; fileEncoding = 4; lastKnownFileType = sourcecode.c.objc; name = LoginViewController.m; path = ../LoginViewController.m; sourceTree = "<group>"; };
		00F3A0F11D4E8C8B001D0C36 /* PostToInstagramViewController.h */ = {isa = PBXFileReference; fileEncoding = 4; lastKnownFileType = sourcecode.c.h; name = PostToInstagramViewController.h; path = ../PostToInstagramViewController.h; sourceTree = "<group>"; };
		00F3A0F21D4E8C8B001D0C36 /* PostToInstagramViewController.m */ = {isa = PBXFileReference; fileEncoding = 4; lastKnownFileType = sourcecode.c.objc; name = PostToInstagramViewController.m; path = ../PostToInstagramViewController.m; sourceTree = "<group>"; };
		3458839597589BFD20406674 /* libPods-Blocstagram.a */ = {isa = PBXFileReference; explicitFileType = archive.ar; includeInIndex = 0; path = "libPods-Blocstagram.a"; sourceTree = BUILT_PRODUCTS_DIR; };
		3EE3895A72976BE23D488786 /* Pods-Blocstagram.debug.xcconfig */ = {isa = PBXFileReference; includeInIndex = 1; lastKnownFileType = text.xcconfig; name = "Pods-Blocstagram.debug.xcconfig"; path = "Pods/Target Support Files/Pods-Blocstagram/Pods-Blocstagram.debug.xcconfig"; sourceTree = "<group>"; };
		6A6F0716B04CBB0610A75E9A /* Pods-Blocstagram.release.xcconfig */ = {isa = PBXFileReference; includeInIndex = 1; lastKnownFileType = text.xcconfig; name = "Pods-Blocstagram.release.xcconfig"; path = "Pods/Target Support Files/Pods-Blocstagram/Pods-Blocstagram.release.xcconfig"; sourceTree = "<group>"; };
/* End PBXFileReference section */

/* Begin PBXFrameworksBuildPhase section */
		00DC71131D23937F005E439E /* Frameworks */ = {
			isa = PBXFrameworksBuildPhase;
			buildActionMask = 2147483647;
			files = (
				9EDAE68C26FCD65FA3D19D80 /* libPods-Blocstagram.a in Frameworks */,
			);
			runOnlyForDeploymentPostprocessing = 0;
		};
		00DC712C1D23937F005E439E /* Frameworks */ = {
			isa = PBXFrameworksBuildPhase;
			buildActionMask = 2147483647;
			files = (
			);
			runOnlyForDeploymentPostprocessing = 0;
		};
		00DC71371D23937F005E439E /* Frameworks */ = {
			isa = PBXFrameworksBuildPhase;
			buildActionMask = 2147483647;
			files = (
			);
			runOnlyForDeploymentPostprocessing = 0;
		};
/* End PBXFrameworksBuildPhase section */

/* Begin PBXGroup section */
		00DC710D1D23937F005E439E = {
			isa = PBXGroup;
			children = (
				00DC71181D23937F005E439E /* Blocstagram */,
				00DC71321D23937F005E439E /* BlocstagramTests */,
				00DC713D1D23937F005E439E /* BlocstagramUITests */,
				00DC71171D23937F005E439E /* Products */,
				95D8166FFCF88E1245469470 /* Pods */,
				C4D8239ADFCCD91921CACD91 /* Frameworks */,
			);
			sourceTree = "<group>";
		};
		00DC71171D23937F005E439E /* Products */ = {
			isa = PBXGroup;
			children = (
				00DC71161D23937F005E439E /* Blocstagram.app */,
				00DC712F1D23937F005E439E /* BlocstagramTests.xctest */,
				00DC713A1D23937F005E439E /* BlocstagramUITests.xctest */,
			);
			name = Products;
			sourceTree = "<group>";
		};
		00DC71181D23937F005E439E /* Blocstagram */ = {
			isa = PBXGroup;
			children = (
				00DC714C1D239B3B005E439E /* Images */,
				00DC711C1D23937F005E439E /* AppDelegate.h */,
				00DC711D1D23937F005E439E /* AppDelegate.m */,
				00DC71611D239C31005E439E /* ImagesTableViewController.h */,
				00CCBB7D1D4B4D7E001A803F /* ImagesTableViewController.m */,
				00DC71781D27A9F3005E439E /* User.h */,
				00DC71791D27A9F3005E439E /* User.m */,
				00DC717B1D27AB28005E439E /* Media.h */,
				00DC717C1D27AB28005E439E /* Media.m */,
				00DC717E1D27AF38005E439E /* Comment.h */,
				00DC717F1D27AF38005E439E /* Comment.m */,
				00DC71811D27B043005E439E /* DataSource.h */,
				00DC71821D27B043005E439E /* DataSource.m */,
				00ECFC821D2B0B9900CFBEA6 /* LoginViewController.h */,
				00ECFC831D2B0B9900CFBEA6 /* LoginViewController.m */,
				00DC71841D27C898005E439E /* MediaTableViewCell.h */,
				00DC71851D27C898005E439E /* MediaTableViewCell.m */,
				00CCBB541D404C59001A803F /* MediaFullScreenViewController.h */,
				00CCBB551D404C59001A803F /* MediaFullScreenViewController.m */,
				00CCBB691D431EBF001A803F /* CircleSpinnerView.h */,
				00CCBB6A1D431EBF001A803F /* CircleSpinnerView.m */,
				00CCBB6C1D432E2A001A803F /* LikeButton.h */,
				00CCBB6D1D432E2A001A803F /* LikeButton.m */,
				00CCBB6F1D470B6D001A803F /* ComposeCommentView.h */,
				00CCBB701D470B6D001A803F /* ComposeCommentView.m */,
				00CCBB721D49D71B001A803F /* CameraToolbar.h */,
				00CCBB731D49D71B001A803F /* CameraToolbar.m */,
				00CCBB751D4B1DAE001A803F /* CameraViewController.h */,
				00CCBB761D4B1DAE001A803F /* CameraViewController.m */,
				00CCBB781D4B349A001A803F /* UIImage+ImageUtilities.h */,
				00CCBB791D4B349A001A803F /* UIImage+ImageUtilities.m */,
				00CCBB7F1D4D6849001A803F /* CropBox.h */,
				00CCBB801D4D6849001A803F /* CropBox.m */,
				00CCBB821D4DC663001A803F /* CropImageViewController.h */,
				00CCBB831D4DC663001A803F /* CropImageViewController.m */,
				00CCBB851D4DD31F001A803F /* ImageLibraryViewController.h */,
				00CCBB861D4DD31F001A803F /* ImageLibraryViewController.m */,
				00F3A0F11D4E8C8B001D0C36 /* PostToInstagramViewController.h */,
				00F3A0F21D4E8C8B001D0C36 /* PostToInstagramViewController.m */,
				00DC71251D23937F005E439E /* Assets.xcassets */,
				00DC71271D23937F005E439E /* LaunchScreen.storyboard */,
				00DC712A1D23937F005E439E /* Info.plist */,
				00DC71191D23937F005E439E /* Supporting Files */,
			);
			path = Blocstagram;
			sourceTree = "<group>";
		};
		00DC71191D23937F005E439E /* Supporting Files */ = {
			isa = PBXGroup;
			children = (
				00DC711A1D23937F005E439E /* main.m */,
			);
			name = "Supporting Files";
			sourceTree = "<group>";
		};
		00DC71321D23937F005E439E /* BlocstagramTests */ = {
			isa = PBXGroup;
			children = (
				00DC71331D23937F005E439E /* BlocstagramTests.m */,
				00DC71351D23937F005E439E /* Info.plist */,
				000E02771D50486800AD71BC /* UserTests.m */,
				000E02791D504CD300AD71BC /* MediaTests.m */,
				000E027B1D505A5C00AD71BC /* CommentViewTest.m */,
				000E027D1D5061C900AD71BC /* MediaTableViewCellTests.m */,
			);
			path = BlocstagramTests;
			sourceTree = "<group>";
		};
		00DC713D1D23937F005E439E /* BlocstagramUITests */ = {
			isa = PBXGroup;
			children = (
				00DC713E1D23937F005E439E /* BlocstagramUITests.m */,
				00DC71401D23937F005E439E /* Info.plist */,
			);
			path = BlocstagramUITests;
			sourceTree = "<group>";
		};
		00DC714C1D239B3B005E439E /* Images */ = {
			isa = PBXGroup;
			children = (
				00DC71641D277A4A005E439E /* 1.jpg */,
				00DC71651D277A4A005E439E /* 2.jpg */,
				00DC71661D277A4A005E439E /* 3.jpg */,
				00DC71671D277A4A005E439E /* 4.jpg */,
				00DC71681D277A4A005E439E /* 5.jpg */,
				00DC71691D277A4A005E439E /* 6.JPG */,
				00DC716A1D277A4A005E439E /* 7.JPG */,
				00DC716B1D277A4A005E439E /* 8.JPG */,
				00DC716C1D277A4A005E439E /* 9.JPG */,
				00DC716D1D277A4A005E439E /* 10.JPG */,
			);
			name = Images;
			sourceTree = "<group>";
		};
		95D8166FFCF88E1245469470 /* Pods */ = {
			isa = PBXGroup;
			children = (
				3EE3895A72976BE23D488786 /* Pods-Blocstagram.debug.xcconfig */,
				6A6F0716B04CBB0610A75E9A /* Pods-Blocstagram.release.xcconfig */,
			);
			name = Pods;
			sourceTree = "<group>";
		};
		C4D8239ADFCCD91921CACD91 /* Frameworks */ = {
			isa = PBXGroup;
			children = (
				3458839597589BFD20406674 /* libPods-Blocstagram.a */,
			);
			name = Frameworks;
			sourceTree = "<group>";
		};
/* End PBXGroup section */

/* Begin PBXNativeTarget section */
		00DC71151D23937F005E439E /* Blocstagram */ = {
			isa = PBXNativeTarget;
			buildConfigurationList = 00DC71431D23937F005E439E /* Build configuration list for PBXNativeTarget "Blocstagram" */;
			buildPhases = (
				7FCB8E2A0653010AB07F8186 /* [CP] Check Pods Manifest.lock */,
				00DC71121D23937F005E439E /* Sources */,
				00DC71131D23937F005E439E /* Frameworks */,
				00DC71141D23937F005E439E /* Resources */,
				F62F683773052143DD9729B7 /* [CP] Embed Pods Frameworks */,
				05246BFCA383846B6E755C47 /* [CP] Copy Pods Resources */,
			);
			buildRules = (
			);
			dependencies = (
			);
			name = Blocstagram;
			productName = Blocstagram;
			productReference = 00DC71161D23937F005E439E /* Blocstagram.app */;
			productType = "com.apple.product-type.application";
		};
		00DC712E1D23937F005E439E /* BlocstagramTests */ = {
			isa = PBXNativeTarget;
			buildConfigurationList = 00DC71461D23937F005E439E /* Build configuration list for PBXNativeTarget "BlocstagramTests" */;
			buildPhases = (
				00DC712B1D23937F005E439E /* Sources */,
				00DC712C1D23937F005E439E /* Frameworks */,
				00DC712D1D23937F005E439E /* Resources */,
			);
			buildRules = (
			);
			dependencies = (
				00DC71311D23937F005E439E /* PBXTargetDependency */,
			);
			name = BlocstagramTests;
			productName = BlocstagramTests;
			productReference = 00DC712F1D23937F005E439E /* BlocstagramTests.xctest */;
			productType = "com.apple.product-type.bundle.unit-test";
		};
		00DC71391D23937F005E439E /* BlocstagramUITests */ = {
			isa = PBXNativeTarget;
			buildConfigurationList = 00DC71491D23937F005E439E /* Build configuration list for PBXNativeTarget "BlocstagramUITests" */;
			buildPhases = (
				00DC71361D23937F005E439E /* Sources */,
				00DC71371D23937F005E439E /* Frameworks */,
				00DC71381D23937F005E439E /* Resources */,
			);
			buildRules = (
			);
			dependencies = (
				00DC713C1D23937F005E439E /* PBXTargetDependency */,
			);
			name = BlocstagramUITests;
			productName = BlocstagramUITests;
			productReference = 00DC713A1D23937F005E439E /* BlocstagramUITests.xctest */;
			productType = "com.apple.product-type.bundle.ui-testing";
		};
/* End PBXNativeTarget section */

/* Begin PBXProject section */
		00DC710E1D23937F005E439E /* Project object */ = {
			isa = PBXProject;
			attributes = {
				LastUpgradeCheck = 0730;
				ORGANIZATIONNAME = Bloc;
				TargetAttributes = {
					00DC71151D23937F005E439E = {
						CreatedOnToolsVersion = 7.3.1;
						DevelopmentTeam = U5L5YPF9GQ;
					};
					00DC712E1D23937F005E439E = {
						CreatedOnToolsVersion = 7.3.1;
						TestTargetID = 00DC71151D23937F005E439E;
					};
					00DC71391D23937F005E439E = {
						CreatedOnToolsVersion = 7.3.1;
						TestTargetID = 00DC71151D23937F005E439E;
					};
				};
			};
			buildConfigurationList = 00DC71111D23937F005E439E /* Build configuration list for PBXProject "Blocstagram" */;
			compatibilityVersion = "Xcode 3.2";
			developmentRegion = English;
			hasScannedForEncodings = 0;
			knownRegions = (
				en,
				Base,
			);
			mainGroup = 00DC710D1D23937F005E439E;
			productRefGroup = 00DC71171D23937F005E439E /* Products */;
			projectDirPath = "";
			projectRoot = "";
			targets = (
				00DC71151D23937F005E439E /* Blocstagram */,
				00DC712E1D23937F005E439E /* BlocstagramTests */,
				00DC71391D23937F005E439E /* BlocstagramUITests */,
			);
		};
/* End PBXProject section */

/* Begin PBXResourcesBuildPhase section */
		00DC71141D23937F005E439E /* Resources */ = {
			isa = PBXResourcesBuildPhase;
			buildActionMask = 2147483647;
			files = (
				00DC71761D277A4A005E439E /* 9.JPG in Resources */,
				00DC71711D277A4A005E439E /* 4.jpg in Resources */,
				00DC71701D277A4A005E439E /* 3.jpg in Resources */,
				00DC71731D277A4A005E439E /* 6.JPG in Resources */,
				00DC71741D277A4A005E439E /* 7.JPG in Resources */,
				00DC716E1D277A4A005E439E /* 1.jpg in Resources */,
				00DC71771D277A4A005E439E /* 10.JPG in Resources */,
				00DC71291D23937F005E439E /* LaunchScreen.storyboard in Resources */,
				00DC71721D277A4A005E439E /* 5.jpg in Resources */,
				00DC716F1D277A4A005E439E /* 2.jpg in Resources */,
				00DC71751D277A4A005E439E /* 8.JPG in Resources */,
				00DC71261D23937F005E439E /* Assets.xcassets in Resources */,
			);
			runOnlyForDeploymentPostprocessing = 0;
		};
		00DC712D1D23937F005E439E /* Resources */ = {
			isa = PBXResourcesBuildPhase;
			buildActionMask = 2147483647;
			files = (
			);
			runOnlyForDeploymentPostprocessing = 0;
		};
		00DC71381D23937F005E439E /* Resources */ = {
			isa = PBXResourcesBuildPhase;
			buildActionMask = 2147483647;
			files = (
			);
			runOnlyForDeploymentPostprocessing = 0;
		};
/* End PBXResourcesBuildPhase section */

/* Begin PBXShellScriptBuildPhase section */
		05246BFCA383846B6E755C47 /* [CP] Copy Pods Resources */ = {
			isa = PBXShellScriptBuildPhase;
			buildActionMask = 2147483647;
			files = (
			);
			inputPaths = (
			);
			name = "[CP] Copy Pods Resources";
			outputPaths = (
			);
			runOnlyForDeploymentPostprocessing = 0;
			shellPath = /bin/sh;
			shellScript = "\"${SRCROOT}/Pods/Target Support Files/Pods-Blocstagram/Pods-Blocstagram-resources.sh\"\n";
			showEnvVarsInLog = 0;
		};
		7FCB8E2A0653010AB07F8186 /* [CP] Check Pods Manifest.lock */ = {
			isa = PBXShellScriptBuildPhase;
			buildActionMask = 2147483647;
			files = (
			);
			inputPaths = (
			);
			name = "[CP] Check Pods Manifest.lock";
			outputPaths = (
			);
			runOnlyForDeploymentPostprocessing = 0;
			shellPath = /bin/sh;
			shellScript = "diff \"${PODS_ROOT}/../Podfile.lock\" \"${PODS_ROOT}/Manifest.lock\" > /dev/null\nif [[ $? != 0 ]] ; then\n    cat << EOM\nerror: The sandbox is not in sync with the Podfile.lock. Run 'pod install' or update your CocoaPods installation.\nEOM\n    exit 1\nfi\n";
			showEnvVarsInLog = 0;
		};
		F62F683773052143DD9729B7 /* [CP] Embed Pods Frameworks */ = {
			isa = PBXShellScriptBuildPhase;
			buildActionMask = 2147483647;
			files = (
			);
			inputPaths = (
			);
			name = "[CP] Embed Pods Frameworks";
			outputPaths = (
			);
			runOnlyForDeploymentPostprocessing = 0;
			shellPath = /bin/sh;
			shellScript = "\"${SRCROOT}/Pods/Target Support Files/Pods-Blocstagram/Pods-Blocstagram-frameworks.sh\"\n";
			showEnvVarsInLog = 0;
		};
/* End PBXShellScriptBuildPhase section */

/* Begin PBXSourcesBuildPhase section */
		00DC71121D23937F005E439E /* Sources */ = {
			isa = PBXSourcesBuildPhase;
			buildActionMask = 2147483647;
			files = (
				00CCBB771D4B1DAE001A803F /* CameraViewController.m in Sources */,
				00CCBB561D404C59001A803F /* MediaFullScreenViewController.m in Sources */,
				00CCBB6B1D431EBF001A803F /* CircleSpinnerView.m in Sources */,
				00DC717A1D27A9F3005E439E /* User.m in Sources */,
				00CCBB871D4DD31F001A803F /* ImageLibraryViewController.m in Sources */,
				00CCBB811D4D6849001A803F /* CropBox.m in Sources */,
				00DC71801D27AF38005E439E /* Comment.m in Sources */,
				00CCBB841D4DC663001A803F /* CropImageViewController.m in Sources */,
				00DC71861D27C898005E439E /* MediaTableViewCell.m in Sources */,
				00DC717D1D27AB28005E439E /* Media.m in Sources */,
				00CCBB741D49D71B001A803F /* CameraToolbar.m in Sources */,
				00CCBB7E1D4B4D7E001A803F /* ImagesTableViewController.m in Sources */,
				00F3A0F31D4E8C8B001D0C36 /* PostToInstagramViewController.m in Sources */,
				00DC711E1D23937F005E439E /* AppDelegate.m in Sources */,
				00ECFC841D2B0B9900CFBEA6 /* LoginViewController.m in Sources */,
				00CCBB6E1D432E2A001A803F /* LikeButton.m in Sources */,
				00DC71831D27B043005E439E /* DataSource.m in Sources */,
				00CCBB711D470B6D001A803F /* ComposeCommentView.m in Sources */,
				00DC711B1D23937F005E439E /* main.m in Sources */,
				00CCBB7A1D4B349A001A803F /* UIImage+ImageUtilities.m in Sources */,
			);
			runOnlyForDeploymentPostprocessing = 0;
		};
		00DC712B1D23937F005E439E /* Sources */ = {
			isa = PBXSourcesBuildPhase;
			buildActionMask = 2147483647;
			files = (
				000E027A1D504CD300AD71BC /* MediaTests.m in Sources */,
				000E02781D50486800AD71BC /* UserTests.m in Sources */,
				000E027C1D505A5C00AD71BC /* CommentViewTest.m in Sources */,
				000E027E1D5061C900AD71BC /* MediaTableViewCellTests.m in Sources */,
				00DC71341D23937F005E439E /* BlocstagramTests.m in Sources */,
			);
			runOnlyForDeploymentPostprocessing = 0;
		};
		00DC71361D23937F005E439E /* Sources */ = {
			isa = PBXSourcesBuildPhase;
			buildActionMask = 2147483647;
			files = (
				00DC713F1D23937F005E439E /* BlocstagramUITests.m in Sources */,
			);
			runOnlyForDeploymentPostprocessing = 0;
		};
/* End PBXSourcesBuildPhase section */

/* Begin PBXTargetDependency section */
		00DC71311D23937F005E439E /* PBXTargetDependency */ = {
			isa = PBXTargetDependency;
			target = 00DC71151D23937F005E439E /* Blocstagram */;
			targetProxy = 00DC71301D23937F005E439E /* PBXContainerItemProxy */;
		};
		00DC713C1D23937F005E439E /* PBXTargetDependency */ = {
			isa = PBXTargetDependency;
			target = 00DC71151D23937F005E439E /* Blocstagram */;
			targetProxy = 00DC713B1D23937F005E439E /* PBXContainerItemProxy */;
		};
/* End PBXTargetDependency section */

/* Begin PBXVariantGroup section */
		00DC71271D23937F005E439E /* LaunchScreen.storyboard */ = {
			isa = PBXVariantGroup;
			children = (
				00DC71281D23937F005E439E /* Base */,
			);
			name = LaunchScreen.storyboard;
			sourceTree = "<group>";
		};
/* End PBXVariantGroup section */

/* Begin XCBuildConfiguration section */
		00DC71411D23937F005E439E /* Debug */ = {
			isa = XCBuildConfiguration;
			buildSettings = {
				ALWAYS_SEARCH_USER_PATHS = NO;
				CLANG_ANALYZER_NONNULL = YES;
				CLANG_CXX_LANGUAGE_STANDARD = "gnu++0x";
				CLANG_CXX_LIBRARY = "libc++";
				CLANG_ENABLE_MODULES = YES;
				CLANG_ENABLE_OBJC_ARC = YES;
				CLANG_WARN_BOOL_CONVERSION = YES;
				CLANG_WARN_CONSTANT_CONVERSION = YES;
				CLANG_WARN_DIRECT_OBJC_ISA_USAGE = YES_ERROR;
				CLANG_WARN_EMPTY_BODY = YES;
				CLANG_WARN_ENUM_CONVERSION = YES;
				CLANG_WARN_INT_CONVERSION = YES;
				CLANG_WARN_OBJC_ROOT_CLASS = YES_ERROR;
				CLANG_WARN_UNREACHABLE_CODE = YES;
				CLANG_WARN__DUPLICATE_METHOD_MATCH = YES;
				"CODE_SIGN_IDENTITY[sdk=iphoneos*]" = "iPhone Developer";
				COPY_PHASE_STRIP = NO;
				DEBUG_INFORMATION_FORMAT = dwarf;
				ENABLE_STRICT_OBJC_MSGSEND = YES;
				ENABLE_TESTABILITY = YES;
				GCC_C_LANGUAGE_STANDARD = gnu99;
				GCC_DYNAMIC_NO_PIC = NO;
				GCC_NO_COMMON_BLOCKS = YES;
				GCC_OPTIMIZATION_LEVEL = 0;
				GCC_PREPROCESSOR_DEFINITIONS = (
					"DEBUG=1",
					"$(inherited)",
				);
				GCC_WARN_64_TO_32_BIT_CONVERSION = YES;
				GCC_WARN_ABOUT_RETURN_TYPE = YES_ERROR;
				GCC_WARN_UNDECLARED_SELECTOR = YES;
				GCC_WARN_UNINITIALIZED_AUTOS = YES_AGGRESSIVE;
				GCC_WARN_UNUSED_FUNCTION = YES;
				GCC_WARN_UNUSED_VARIABLE = YES;
				IPHONEOS_DEPLOYMENT_TARGET = 9.3;
				MTL_ENABLE_DEBUG_INFO = YES;
				ONLY_ACTIVE_ARCH = YES;
				SDKROOT = iphoneos;
				TARGETED_DEVICE_FAMILY = "1,2";
			};
			name = Debug;
		};
		00DC71421D23937F005E439E /* Release */ = {
			isa = XCBuildConfiguration;
			buildSettings = {
				ALWAYS_SEARCH_USER_PATHS = NO;
				CLANG_ANALYZER_NONNULL = YES;
				CLANG_CXX_LANGUAGE_STANDARD = "gnu++0x";
				CLANG_CXX_LIBRARY = "libc++";
				CLANG_ENABLE_MODULES = YES;
				CLANG_ENABLE_OBJC_ARC = YES;
				CLANG_WARN_BOOL_CONVERSION = YES;
				CLANG_WARN_CONSTANT_CONVERSION = YES;
				CLANG_WARN_DIRECT_OBJC_ISA_USAGE = YES_ERROR;
				CLANG_WARN_EMPTY_BODY = YES;
				CLANG_WARN_ENUM_CONVERSION = YES;
				CLANG_WARN_INT_CONVERSION = YES;
				CLANG_WARN_OBJC_ROOT_CLASS = YES_ERROR;
				CLANG_WARN_UNREACHABLE_CODE = YES;
				CLANG_WARN__DUPLICATE_METHOD_MATCH = YES;
				"CODE_SIGN_IDENTITY[sdk=iphoneos*]" = "iPhone Developer";
				COPY_PHASE_STRIP = NO;
				DEBUG_INFORMATION_FORMAT = "dwarf-with-dsym";
				ENABLE_NS_ASSERTIONS = NO;
				ENABLE_STRICT_OBJC_MSGSEND = YES;
				GCC_C_LANGUAGE_STANDARD = gnu99;
				GCC_NO_COMMON_BLOCKS = YES;
				GCC_WARN_64_TO_32_BIT_CONVERSION = YES;
				GCC_WARN_ABOUT_RETURN_TYPE = YES_ERROR;
				GCC_WARN_UNDECLARED_SELECTOR = YES;
				GCC_WARN_UNINITIALIZED_AUTOS = YES_AGGRESSIVE;
				GCC_WARN_UNUSED_FUNCTION = YES;
				GCC_WARN_UNUSED_VARIABLE = YES;
				IPHONEOS_DEPLOYMENT_TARGET = 9.3;
				MTL_ENABLE_DEBUG_INFO = NO;
				SDKROOT = iphoneos;
				TARGETED_DEVICE_FAMILY = "1,2";
				VALIDATE_PRODUCT = YES;
			};
			name = Release;
		};
		00DC71441D23937F005E439E /* Debug */ = {
			isa = XCBuildConfiguration;
			baseConfigurationReference = 3EE3895A72976BE23D488786 /* Pods-Blocstagram.debug.xcconfig */;
			buildSettings = {
				ASSETCATALOG_COMPILER_APPICON_NAME = AppIcon;
				ASSETCATALOG_COMPILER_LAUNCHIMAGE_NAME = "Brand Assets";
				CODE_SIGN_IDENTITY = "iPhone Developer";
				INFOPLIST_FILE = Blocstagram/Info.plist;
				LD_RUNPATH_SEARCH_PATHS = "$(inherited) @executable_path/Frameworks";
				PRODUCT_BUNDLE_IDENTIFIER = com.Bloc.Blocstagram;
				PRODUCT_NAME = "$(TARGET_NAME)";
			};
			name = Debug;
		};
		00DC71451D23937F005E439E /* Release */ = {
			isa = XCBuildConfiguration;
			baseConfigurationReference = 6A6F0716B04CBB0610A75E9A /* Pods-Blocstagram.release.xcconfig */;
			buildSettings = {
				ASSETCATALOG_COMPILER_APPICON_NAME = AppIcon;
				ASSETCATALOG_COMPILER_LAUNCHIMAGE_NAME = "Brand Assets";
				CODE_SIGN_IDENTITY = "iPhone Developer";
				INFOPLIST_FILE = Blocstagram/Info.plist;
				LD_RUNPATH_SEARCH_PATHS = "$(inherited) @executable_path/Frameworks";
				PRODUCT_BUNDLE_IDENTIFIER = com.Bloc.Blocstagram;
				PRODUCT_NAME = "$(TARGET_NAME)";
			};
			name = Release;
		};
		00DC71471D23937F005E439E /* Debug */ = {
			isa = XCBuildConfiguration;
			buildSettings = {
				BUNDLE_LOADER = "$(TEST_HOST)";
				INFOPLIST_FILE = BlocstagramTests/Info.plist;
				LD_RUNPATH_SEARCH_PATHS = "$(inherited) @executable_path/Frameworks @loader_path/Frameworks";
				PRODUCT_BUNDLE_IDENTIFIER = com.Bloc.BlocstagramTests;
				PRODUCT_NAME = "$(TARGET_NAME)";
				TEST_HOST = "$(BUILT_PRODUCTS_DIR)/Blocstagram.app/Blocstagram";
			};
			name = Debug;
		};
		00DC71481D23937F005E439E /* Release */ = {
			isa = XCBuildConfiguration;
			buildSettings = {
				BUNDLE_LOADER = "$(TEST_HOST)";
				INFOPLIST_FILE = BlocstagramTests/Info.plist;
				LD_RUNPATH_SEARCH_PATHS = "$(inherited) @executable_path/Frameworks @loader_path/Frameworks";
				PRODUCT_BUNDLE_IDENTIFIER = com.Bloc.BlocstagramTests;
				PRODUCT_NAME = "$(TARGET_NAME)";
				TEST_HOST = "$(BUILT_PRODUCTS_DIR)/Blocstagram.app/Blocstagram";
			};
			name = Release;
		};
		00DC714A1D23937F005E439E /* Debug */ = {
			isa = XCBuildConfiguration;
			buildSettings = {
				INFOPLIST_FILE = BlocstagramUITests/Info.plist;
				LD_RUNPATH_SEARCH_PATHS = "$(inherited) @executable_path/Frameworks @loader_path/Frameworks";
				PRODUCT_BUNDLE_IDENTIFIER = com.Bloc.BlocstagramUITests;
				PRODUCT_NAME = "$(TARGET_NAME)";
				TEST_TARGET_NAME = Blocstagram;
			};
			name = Debug;
		};
		00DC714B1D23937F005E439E /* Release */ = {
			isa = XCBuildConfiguration;
			buildSettings = {
				INFOPLIST_FILE = BlocstagramUITests/Info.plist;
				LD_RUNPATH_SEARCH_PATHS = "$(inherited) @executable_path/Frameworks @loader_path/Frameworks";
				PRODUCT_BUNDLE_IDENTIFIER = com.Bloc.BlocstagramUITests;
				PRODUCT_NAME = "$(TARGET_NAME)";
				TEST_TARGET_NAME = Blocstagram;
			};
			name = Release;
		};
/* End XCBuildConfiguration section */

/* Begin XCConfigurationList section */
		00DC71111D23937F005E439E /* Build configuration list for PBXProject "Blocstagram" */ = {
			isa = XCConfigurationList;
			buildConfigurations = (
				00DC71411D23937F005E439E /* Debug */,
				00DC71421D23937F005E439E /* Release */,
			);
			defaultConfigurationIsVisible = 0;
			defaultConfigurationName = Release;
		};
		00DC71431D23937F005E439E /* Build configuration list for PBXNativeTarget "Blocstagram" */ = {
			isa = XCConfigurationList;
			buildConfigurations = (
				00DC71441D23937F005E439E /* Debug */,
				00DC71451D23937F005E439E /* Release */,
			);
			defaultConfigurationIsVisible = 0;
			defaultConfigurationName = Release;
		};
		00DC71461D23937F005E439E /* Build configuration list for PBXNativeTarget "BlocstagramTests" */ = {
			isa = XCConfigurationList;
			buildConfigurations = (
				00DC71471D23937F005E439E /* Debug */,
				00DC71481D23937F005E439E /* Release */,
			);
			defaultConfigurationIsVisible = 0;
			defaultConfigurationName = Release;
		};
		00DC71491D23937F005E439E /* Build configuration list for PBXNativeTarget "BlocstagramUITests" */ = {
			isa = XCConfigurationList;
			buildConfigurations = (
				00DC714A1D23937F005E439E /* Debug */,
				00DC714B1D23937F005E439E /* Release */,
			);
			defaultConfigurationIsVisible = 0;
			defaultConfigurationName = Release;
		};
/* End XCConfigurationList section */
	};
	rootObject = 00DC710E1D23937F005E439E /* Project object */;
}
